
Microsoft Visual Studio Solution File, Format Version 12.00
# Visual Studio Version 16
VisualStudioVersion = 16.0.31129.286
MinimumVisualStudioVersion = 10.0.40219.1
Project("{FAE04EC0-301F-11D3-BF4B-00C04F79EFBC}") = "CSharp.DesignPatterns.Creational.Constructor", "CSharp.DesignPatterns.Creational.Constructor\CSharp.DesignPatterns.Creational.Constructor.csproj", "{8C16F51C-BBAB-438E-87D0-060346DCE052}"
EndProject
Project("{FAE04EC0-301F-11D3-BF4B-00C04F79EFBC}") = "Models", "Models\Models.csproj", "{83CE3314-F2F8-4D83-A24E-99A2544D3F1D}"
EndProject
Global
	GlobalSection(SolutionConfigurationPlatforms) = preSolution
		Debug|Any CPU = Debug|Any CPU
		Release|Any CPU = Release|Any CPU
	EndGlobalSection
	GlobalSection(ProjectConfigurationPlatforms) = postSolution
		{8C16F51C-BBAB-438E-87D0-060346DCE052}.Debug|Any CPU.ActiveCfg = Debug|Any CPU
		{8C16F51C-BBAB-438E-87D0-060346DCE052}.Debug|Any CPU.Build.0 = Debug|Any CPU
		{8C16F51C-BBAB-438E-87D0-060346DCE052}.Release|Any CPU.ActiveCfg = Release|Any CPU
		{8C16F51C-BBAB-438E-87D0-060346DCE052}.Release|Any CPU.Build.0 = Release|Any CPU
		{83CE3314-F2F8-4D83-A24E-99A2544D3F1D}.Debug|Any CPU.ActiveCfg = Debug|Any CPU
		{83CE3314-F2F8-4D83-A24E-99A2544D3F1D}.Debug|Any CPU.Build.0 = Debug|Any CPU
		{83CE3314-F2F8-4D83-A24E-99A2544D3F1D}.Release|Any CPU.ActiveCfg = Release|Any CPU
		{83CE3314-F2F8-4D83-A24E-99A2544D3F1D}.Release|Any CPU.Build.0 = Release|Any CPU
	EndGlobalSection
	GlobalSection(SolutionProperties) = preSolution
		HideSolutionNode = FALSE
	EndGlobalSection
	GlobalSection(ExtensibilityGlobals) = postSolution
		SolutionGuid = {15051A5F-E2E4-4D3F-95D9-124949EBCC6C}
	EndGlobalSection
EndGlobal
